// !$*UTF8*$!
{
	archiveVersion = 1;
	classes = {
	};
	objectVersion = 46;
	objects = {

/* Begin PBXBuildFile section */
		BC4D2E4C1C78352300BB2925 /* Block.swift in Sources */ = {isa = PBXBuildFile; fileRef = BC4D2E4B1C78352300BB2925 /* Block.swift */; };
		BC4D2E4E1C7883E800BB2925 /* Shape.swift in Sources */ = {isa = PBXBuildFile; fileRef = BC4D2E4D1C7883E800BB2925 /* Shape.swift */; };
		BC4D2E501C788FAE00BB2925 /* SquareShape.swift in Sources */ = {isa = PBXBuildFile; fileRef = BC4D2E4F1C788FAE00BB2925 /* SquareShape.swift */; };
		BC4D2E521C7892E800BB2925 /* TShape.swift in Sources */ = {isa = PBXBuildFile; fileRef = BC4D2E511C7892E800BB2925 /* TShape.swift */; };
		BC4D2E541C78948C00BB2925 /* LineShape.swift in Sources */ = {isa = PBXBuildFile; fileRef = BC4D2E531C78948C00BB2925 /* LineShape.swift */; };
		BC4D2E561C78951C00BB2925 /* LShape.swift in Sources */ = {isa = PBXBuildFile; fileRef = BC4D2E551C78951C00BB2925 /* LShape.swift */; };
		BC4D2E581C7895A300BB2925 /* JShape.swift in Sources */ = {isa = PBXBuildFile; fileRef = BC4D2E571C7895A300BB2925 /* JShape.swift */; };
		BC4D2E5A1C7895ED00BB2925 /* SShape.swift in Sources */ = {isa = PBXBuildFile; fileRef = BC4D2E591C7895ED00BB2925 /* SShape.swift */; };
		BC4D2E5C1C78964C00BB2925 /* ZShape.swift in Sources */ = {isa = PBXBuildFile; fileRef = BC4D2E5B1C78964C00BB2925 /* ZShape.swift */; };
		BC99CA961C649A5700EFAF8B /* AppDelegate.swift in Sources */ = {isa = PBXBuildFile; fileRef = BC99CA951C649A5700EFAF8B /* AppDelegate.swift */; };
		BC99CA9A1C649A5700EFAF8B /* GameScene.swift in Sources */ = {isa = PBXBuildFile; fileRef = BC99CA991C649A5700EFAF8B /* GameScene.swift */; };
		BC99CA9F1C649A5700EFAF8B /* Main.storyboard in Resources */ = {isa = PBXBuildFile; fileRef = BC99CA9D1C649A5700EFAF8B /* Main.storyboard */; };
		BC99CAA11C649A5700EFAF8B /* Assets.xcassets in Resources */ = {isa = PBXBuildFile; fileRef = BC99CAA01C649A5700EFAF8B /* Assets.xcassets */; };
		BC99CAA41C649A5700EFAF8B /* LaunchScreen.storyboard in Resources */ = {isa = PBXBuildFile; fileRef = BC99CAA21C649A5700EFAF8B /* LaunchScreen.storyboard */; };
		BC99CAAF1C649A5700EFAF8B /* swiftrisTests.swift in Sources */ = {isa = PBXBuildFile; fileRef = BC99CAAE1C649A5700EFAF8B /* swiftrisTests.swift */; };
		BC99CABA1C649A5700EFAF8B /* swiftrisUITests.swift in Sources */ = {isa = PBXBuildFile; fileRef = BC99CAB91C649A5700EFAF8B /* swiftrisUITests.swift */; };
		BC99CAD11C64A31300EFAF8B /* GameViewController.swift in Sources */ = {isa = PBXBuildFile; fileRef = BC99CAD01C64A31300EFAF8B /* GameViewController.swift */; };
		BC99CAD31C64A80A00EFAF8B /* Array2D.swift in Sources */ = {isa = PBXBuildFile; fileRef = BC99CAD21C64A80A00EFAF8B /* Array2D.swift */; };
		BC99CAEC1C64B32700EFAF8B /* background.png in Resources */ = {isa = PBXBuildFile; fileRef = BC99CADF1C64B32700EFAF8B /* background.png */; };
		BC99CAED1C64B32700EFAF8B /* background@2x.png in Resources */ = {isa = PBXBuildFile; fileRef = BC99CAE01C64B32700EFAF8B /* background@2x.png */; };
		BC99CAEE1C64B32700EFAF8B /* gameboard.png in Resources */ = {isa = PBXBuildFile; fileRef = BC99CAE11C64B32700EFAF8B /* gameboard.png */; };
		BC99CAEF1C64B32700EFAF8B /* gameboard@2x.png in Resources */ = {isa = PBXBuildFile; fileRef = BC99CAE21C64B32700EFAF8B /* gameboard@2x.png */; };
		BC99CAF01C64B32700EFAF8B /* whitebg.png in Resources */ = {isa = PBXBuildFile; fileRef = BC99CAE31C64B32700EFAF8B /* whitebg.png */; };
		BC99CAF11C64B32700EFAF8B /* whitebg@2x.png in Resources */ = {isa = PBXBuildFile; fileRef = BC99CAE41C64B32700EFAF8B /* whitebg@2x.png */; };
		BC99CAF21C64B32700EFAF8B /* bomb.mp3 in Resources */ = {isa = PBXBuildFile; fileRef = BC99CAE61C64B32700EFAF8B /* bomb.mp3 */; };
		BC99CAF31C64B32700EFAF8B /* drop.mp3 in Resources */ = {isa = PBXBuildFile; fileRef = BC99CAE71C64B32700EFAF8B /* drop.mp3 */; };
		BC99CAF41C64B32700EFAF8B /* gameover.mp3 in Resources */ = {isa = PBXBuildFile; fileRef = BC99CAE81C64B32700EFAF8B /* gameover.mp3 */; };
		BC99CAF51C64B32700EFAF8B /* levelup.mp3 in Resources */ = {isa = PBXBuildFile; fileRef = BC99CAE91C64B32700EFAF8B /* levelup.mp3 */; };
		BC99CAF61C64B32700EFAF8B /* theme.mp3 in Resources */ = {isa = PBXBuildFile; fileRef = BC99CAEA1C64B32700EFAF8B /* theme.mp3 */; };
		BC99CAF71C64B32700EFAF8B /* Sprites.atlas in Resources */ = {isa = PBXBuildFile; fileRef = BC99CAEB1C64B32700EFAF8B /* Sprites.atlas */; };
		BCDDD8121C7DC1DE00242D4D /* Swiftris.swift in Sources */ = {isa = PBXBuildFile; fileRef = BCDDD8111C7DC1DE00242D4D /* Swiftris.swift */; };
/* End PBXBuildFile section */

/* Begin PBXContainerItemProxy section */
		BC99CAAB1C649A5700EFAF8B /* PBXContainerItemProxy */ = {
			isa = PBXContainerItemProxy;
			containerPortal = BC99CA8A1C649A5600EFAF8B /* Project object */;
			proxyType = 1;
			remoteGlobalIDString = BC99CA911C649A5600EFAF8B;
			remoteInfo = swiftris;
		};
		BC99CAB61C649A5700EFAF8B /* PBXContainerItemProxy */ = {
			isa = PBXContainerItemProxy;
			containerPortal = BC99CA8A1C649A5600EFAF8B /* Project object */;
			proxyType = 1;
			remoteGlobalIDString = BC99CA911C649A5600EFAF8B;
			remoteInfo = swiftris;
		};
/* End PBXContainerItemProxy section */

/* Begin PBXFileReference section */
		BC4D2E4B1C78352300BB2925 /* Block.swift */ = {isa = PBXFileReference; fileEncoding = 4; lastKnownFileType = sourcecode.swift; path = Block.swift; sourceTree = "<group>"; };
		BC4D2E4D1C7883E800BB2925 /* Shape.swift */ = {isa = PBXFileReference; fileEncoding = 4; lastKnownFileType = sourcecode.swift; path = Shape.swift; sourceTree = "<group>"; };
		BC4D2E4F1C788FAE00BB2925 /* SquareShape.swift */ = {isa = PBXFileReference; fileEncoding = 4; lastKnownFileType = sourcecode.swift; path = SquareShape.swift; sourceTree = "<group>"; };
		BC4D2E511C7892E800BB2925 /* TShape.swift */ = {isa = PBXFileReference; fileEncoding = 4; lastKnownFileType = sourcecode.swift; path = TShape.swift; sourceTree = "<group>"; };
		BC4D2E531C78948C00BB2925 /* LineShape.swift */ = {isa = PBXFileReference; fileEncoding = 4; lastKnownFileType = sourcecode.swift; path = LineShape.swift; sourceTree = "<group>"; };
		BC4D2E551C78951C00BB2925 /* LShape.swift */ = {isa = PBXFileReference; fileEncoding = 4; lastKnownFileType = sourcecode.swift; path = LShape.swift; sourceTree = "<group>"; };
		BC4D2E571C7895A300BB2925 /* JShape.swift */ = {isa = PBXFileReference; fileEncoding = 4; lastKnownFileType = sourcecode.swift; path = JShape.swift; sourceTree = "<group>"; };
		BC4D2E591C7895ED00BB2925 /* SShape.swift */ = {isa = PBXFileReference; fileEncoding = 4; lastKnownFileType = sourcecode.swift; path = SShape.swift; sourceTree = "<group>"; };
		BC4D2E5B1C78964C00BB2925 /* ZShape.swift */ = {isa = PBXFileReference; fileEncoding = 4; lastKnownFileType = sourcecode.swift; path = ZShape.swift; sourceTree = "<group>"; };
		BC99CA921C649A5600EFAF8B /* swiftris.app */ = {isa = PBXFileReference; explicitFileType = wrapper.application; includeInIndex = 0; path = swiftris.app; sourceTree = BUILT_PRODUCTS_DIR; };
		BC99CA951C649A5700EFAF8B /* AppDelegate.swift */ = {isa = PBXFileReference; lastKnownFileType = sourcecode.swift; path = AppDelegate.swift; sourceTree = "<group>"; };
		BC99CA991C649A5700EFAF8B /* GameScene.swift */ = {isa = PBXFileReference; lastKnownFileType = sourcecode.swift; path = GameScene.swift; sourceTree = "<group>"; };
		BC99CA9E1C649A5700EFAF8B /* Base */ = {isa = PBXFileReference; lastKnownFileType = file.storyboard; name = Base; path = Base.lproj/Main.storyboard; sourceTree = "<group>"; };
		BC99CAA01C649A5700EFAF8B /* Assets.xcassets */ = {isa = PBXFileReference; lastKnownFileType = folder.assetcatalog; path = Assets.xcassets; sourceTree = "<group>"; };
		BC99CAA31C649A5700EFAF8B /* Base */ = {isa = PBXFileReference; lastKnownFileType = file.storyboard; name = Base; path = Base.lproj/LaunchScreen.storyboard; sourceTree = "<group>"; };
		BC99CAA51C649A5700EFAF8B /* Info.plist */ = {isa = PBXFileReference; lastKnownFileType = text.plist.xml; path = Info.plist; sourceTree = "<group>"; };
		BC99CAAA1C649A5700EFAF8B /* swiftrisTests.xctest */ = {isa = PBXFileReference; explicitFileType = wrapper.cfbundle; includeInIndex = 0; path = swiftrisTests.xctest; sourceTree = BUILT_PRODUCTS_DIR; };
		BC99CAAE1C649A5700EFAF8B /* swiftrisTests.swift */ = {isa = PBXFileReference; lastKnownFileType = sourcecode.swift; path = swiftrisTests.swift; sourceTree = "<group>"; };
		BC99CAB01C649A5700EFAF8B /* Info.plist */ = {isa = PBXFileReference; lastKnownFileType = text.plist.xml; path = Info.plist; sourceTree = "<group>"; };
		BC99CAB51C649A5700EFAF8B /* swiftrisUITests.xctest */ = {isa = PBXFileReference; explicitFileType = wrapper.cfbundle; includeInIndex = 0; path = swiftrisUITests.xctest; sourceTree = BUILT_PRODUCTS_DIR; };
		BC99CAB91C649A5700EFAF8B /* swiftrisUITests.swift */ = {isa = PBXFileReference; lastKnownFileType = sourcecode.swift; path = swiftrisUITests.swift; sourceTree = "<group>"; };
		BC99CABB1C649A5700EFAF8B /* Info.plist */ = {isa = PBXFileReference; lastKnownFileType = text.plist.xml; path = Info.plist; sourceTree = "<group>"; };
		BC99CAD01C64A31300EFAF8B /* GameViewController.swift */ = {isa = PBXFileReference; fileEncoding = 4; lastKnownFileType = sourcecode.swift; path = GameViewController.swift; sourceTree = "<group>"; };
		BC99CAD21C64A80A00EFAF8B /* Array2D.swift */ = {isa = PBXFileReference; fileEncoding = 4; lastKnownFileType = sourcecode.swift; path = Array2D.swift; sourceTree = "<group>"; };
		BC99CADF1C64B32700EFAF8B /* background.png */ = {isa = PBXFileReference; lastKnownFileType = image.png; path = background.png; sourceTree = "<group>"; };
		BC99CAE01C64B32700EFAF8B /* background@2x.png */ = {isa = PBXFileReference; lastKnownFileType = image.png; path = "background@2x.png"; sourceTree = "<group>"; };
		BC99CAE11C64B32700EFAF8B /* gameboard.png */ = {isa = PBXFileReference; lastKnownFileType = image.png; path = gameboard.png; sourceTree = "<group>"; };
		BC99CAE21C64B32700EFAF8B /* gameboard@2x.png */ = {isa = PBXFileReference; lastKnownFileType = image.png; path = "gameboard@2x.png"; sourceTree = "<group>"; };
		BC99CAE31C64B32700EFAF8B /* whitebg.png */ = {isa = PBXFileReference; lastKnownFileType = image.png; path = whitebg.png; sourceTree = "<group>"; };
		BC99CAE41C64B32700EFAF8B /* whitebg@2x.png */ = {isa = PBXFileReference; lastKnownFileType = image.png; path = "whitebg@2x.png"; sourceTree = "<group>"; };
		BC99CAE61C64B32700EFAF8B /* bomb.mp3 */ = {isa = PBXFileReference; lastKnownFileType = audio.mp3; path = bomb.mp3; sourceTree = "<group>"; };
		BC99CAE71C64B32700EFAF8B /* drop.mp3 */ = {isa = PBXFileReference; lastKnownFileType = audio.mp3; path = drop.mp3; sourceTree = "<group>"; };
		BC99CAE81C64B32700EFAF8B /* gameover.mp3 */ = {isa = PBXFileReference; lastKnownFileType = audio.mp3; path = gameover.mp3; sourceTree = "<group>"; };
		BC99CAE91C64B32700EFAF8B /* levelup.mp3 */ = {isa = PBXFileReference; lastKnownFileType = audio.mp3; path = levelup.mp3; sourceTree = "<group>"; };
		BC99CAEA1C64B32700EFAF8B /* theme.mp3 */ = {isa = PBXFileReference; lastKnownFileType = audio.mp3; path = theme.mp3; sourceTree = "<group>"; };
		BC99CAEB1C64B32700EFAF8B /* Sprites.atlas */ = {isa = PBXFileReference; lastKnownFileType = folder.skatlas; path = Sprites.atlas; sourceTree = "<group>"; };
		BCDDD8111C7DC1DE00242D4D /* Swiftris.swift */ = {isa = PBXFileReference; fileEncoding = 4; lastKnownFileType = sourcecode.swift; path = Swiftris.swift; sourceTree = "<group>"; };
/* End PBXFileReference section */

/* Begin PBXFrameworksBuildPhase section */
		BC99CA8F1C649A5600EFAF8B /* Frameworks */ = {
			isa = PBXFrameworksBuildPhase;
			buildActionMask = 2147483647;
			files = (
			);
			runOnlyForDeploymentPostprocessing = 0;
		};
		BC99CAA71C649A5700EFAF8B /* Frameworks */ = {
			isa = PBXFrameworksBuildPhase;
			buildActionMask = 2147483647;
			files = (
			);
			runOnlyForDeploymentPostprocessing = 0;
		};
		BC99CAB21C649A5700EFAF8B /* Frameworks */ = {
			isa = PBXFrameworksBuildPhase;
			buildActionMask = 2147483647;
			files = (
			);
			runOnlyForDeploymentPostprocessing = 0;
		};
/* End PBXFrameworksBuildPhase section */

/* Begin PBXGroup section */
		BC99CA891C649A5600EFAF8B = {
			isa = PBXGroup;
			children = (
				BC99CA941C649A5600EFAF8B /* swiftris */,
				BC99CAAD1C649A5700EFAF8B /* swiftrisTests */,
				BC99CAB81C649A5700EFAF8B /* swiftrisUITests */,
				BC99CA931C649A5600EFAF8B /* Products */,
			);
			sourceTree = "<group>";
		};
		BC99CA931C649A5600EFAF8B /* Products */ = {
			isa = PBXGroup;
			children = (
				BC99CA921C649A5600EFAF8B /* swiftris.app */,
				BC99CAAA1C649A5700EFAF8B /* swiftrisTests.xctest */,
				BC99CAB51C649A5700EFAF8B /* swiftrisUITests.xctest */,
			);
			name = Products;
			sourceTree = "<group>";
		};
		BC99CA941C649A5600EFAF8B /* swiftris */ = {
			isa = PBXGroup;
			children = (
				BC99CA951C649A5700EFAF8B /* AppDelegate.swift */,
				BC99CAD01C64A31300EFAF8B /* GameViewController.swift */,
				BC99CA991C649A5700EFAF8B /* GameScene.swift */,
				BC4D2E4B1C78352300BB2925 /* Block.swift */,
				BC4D2E4D1C7883E800BB2925 /* Shape.swift */,
				BCDDD8111C7DC1DE00242D4D /* Swiftris.swift */,
				BC4D2E4F1C788FAE00BB2925 /* SquareShape.swift */,
				BC4D2E511C7892E800BB2925 /* TShape.swift */,
				BC4D2E531C78948C00BB2925 /* LineShape.swift */,
				BC4D2E551C78951C00BB2925 /* LShape.swift */,
				BC4D2E571C7895A300BB2925 /* JShape.swift */,
				BC4D2E591C7895ED00BB2925 /* SShape.swift */,
				BC4D2E5B1C78964C00BB2925 /* ZShape.swift */,
				BC99CAD21C64A80A00EFAF8B /* Array2D.swift */,
				BC99CA9D1C649A5700EFAF8B /* Main.storyboard */,
				BC99CAA01C649A5700EFAF8B /* Assets.xcassets */,
				BC99CAA21C649A5700EFAF8B /* LaunchScreen.storyboard */,
				BC99CAA51C649A5700EFAF8B /* Info.plist */,
				BC99CAD51C64B15600EFAF8B /* Supporting Files */,
			);
			path = swiftris;
			sourceTree = "<group>";
		};
		BC99CAAD1C649A5700EFAF8B /* swiftrisTests */ = {
			isa = PBXGroup;
			children = (
				BC99CAAE1C649A5700EFAF8B /* swiftrisTests.swift */,
				BC99CAB01C649A5700EFAF8B /* Info.plist */,
			);
			path = swiftrisTests;
			sourceTree = "<group>";
		};
		BC99CAB81C649A5700EFAF8B /* swiftrisUITests */ = {
			isa = PBXGroup;
			children = (
				BC99CAB91C649A5700EFAF8B /* swiftrisUITests.swift */,
				BC99CABB1C649A5700EFAF8B /* Info.plist */,
			);
			path = swiftrisUITests;
			sourceTree = "<group>";
		};
		BC99CAD51C64B15600EFAF8B /* Supporting Files */ = {
			isa = PBXGroup;
			children = (
				BC99CADE1C64B32700EFAF8B /* Images */,
				BC99CAE51C64B32700EFAF8B /* Sounds */,
				BC99CAEB1C64B32700EFAF8B /* Sprites.atlas */,
			);
			name = "Supporting Files";
			sourceTree = "<group>";
		};
		BC99CADE1C64B32700EFAF8B /* Images */ = {
			isa = PBXGroup;
			children = (
				BC99CADF1C64B32700EFAF8B /* background.png */,
				BC99CAE01C64B32700EFAF8B /* background@2x.png */,
				BC99CAE11C64B32700EFAF8B /* gameboard.png */,
				BC99CAE21C64B32700EFAF8B /* gameboard@2x.png */,
				BC99CAE31C64B32700EFAF8B /* whitebg.png */,
				BC99CAE41C64B32700EFAF8B /* whitebg@2x.png */,
			);
			path = Images;
			sourceTree = "<group>";
		};
		BC99CAE51C64B32700EFAF8B /* Sounds */ = {
			isa = PBXGroup;
			children = (
				BC99CAE61C64B32700EFAF8B /* bomb.mp3 */,
				BC99CAE71C64B32700EFAF8B /* drop.mp3 */,
				BC99CAE81C64B32700EFAF8B /* gameover.mp3 */,
				BC99CAE91C64B32700EFAF8B /* levelup.mp3 */,
				BC99CAEA1C64B32700EFAF8B /* theme.mp3 */,
			);
			path = Sounds;
			sourceTree = "<group>";
		};
/* End PBXGroup section */

/* Begin PBXNativeTarget section */
		BC99CA911C649A5600EFAF8B /* swiftris */ = {
			isa = PBXNativeTarget;
			buildConfigurationList = BC99CABE1C649A5700EFAF8B /* Build configuration list for PBXNativeTarget "swiftris" */;
			buildPhases = (
				BC99CA8E1C649A5600EFAF8B /* Sources */,
				BC99CA8F1C649A5600EFAF8B /* Frameworks */,
				BC99CA901C649A5600EFAF8B /* Resources */,
			);
			buildRules = (
			);
			dependencies = (
			);
			name = swiftris;
			productName = swiftris;
			productReference = BC99CA921C649A5600EFAF8B /* swiftris.app */;
			productType = "com.apple.product-type.application";
		};
		BC99CAA91C649A5700EFAF8B /* swiftrisTests */ = {
			isa = PBXNativeTarget;
			buildConfigurationList = BC99CAC11C649A5700EFAF8B /* Build configuration list for PBXNativeTarget "swiftrisTests" */;
			buildPhases = (
				BC99CAA61C649A5700EFAF8B /* Sources */,
				BC99CAA71C649A5700EFAF8B /* Frameworks */,
				BC99CAA81C649A5700EFAF8B /* Resources */,
			);
			buildRules = (
			);
			dependencies = (
				BC99CAAC1C649A5700EFAF8B /* PBXTargetDependency */,
			);
			name = swiftrisTests;
			productName = swiftrisTests;
			productReference = BC99CAAA1C649A5700EFAF8B /* swiftrisTests.xctest */;
			productType = "com.apple.product-type.bundle.unit-test";
		};
		BC99CAB41C649A5700EFAF8B /* swiftrisUITests */ = {
			isa = PBXNativeTarget;
			buildConfigurationList = BC99CAC41C649A5700EFAF8B /* Build configuration list for PBXNativeTarget "swiftrisUITests" */;
			buildPhases = (
				BC99CAB11C649A5700EFAF8B /* Sources */,
				BC99CAB21C649A5700EFAF8B /* Frameworks */,
				BC99CAB31C649A5700EFAF8B /* Resources */,
			);
			buildRules = (
			);
			dependencies = (
				BC99CAB71C649A5700EFAF8B /* PBXTargetDependency */,
			);
			name = swiftrisUITests;
			productName = swiftrisUITests;
			productReference = BC99CAB51C649A5700EFAF8B /* swiftrisUITests.xctest */;
			productType = "com.apple.product-type.bundle.ui-testing";
		};
/* End PBXNativeTarget section */

/* Begin PBXProject section */
		BC99CA8A1C649A5600EFAF8B /* Project object */ = {
			isa = PBXProject;
			attributes = {
				LastSwiftUpdateCheck = 0720;
				LastUpgradeCheck = 0720;
				ORGANIZATIONNAME = "zero plus";
				TargetAttributes = {
					BC99CA911C649A5600EFAF8B = {
						CreatedOnToolsVersion = 7.2;
					};
					BC99CAA91C649A5700EFAF8B = {
						CreatedOnToolsVersion = 7.2;
						TestTargetID = BC99CA911C649A5600EFAF8B;
					};
					BC99CAB41C649A5700EFAF8B = {
						CreatedOnToolsVersion = 7.2;
						TestTargetID = BC99CA911C649A5600EFAF8B;
					};
				};
			};
			buildConfigurationList = BC99CA8D1C649A5600EFAF8B /* Build configuration list for PBXProject "swiftris" */;
			compatibilityVersion = "Xcode 3.2";
			developmentRegion = English;
			hasScannedForEncodings = 0;
			knownRegions = (
				en,
				Base,
			);
			mainGroup = BC99CA891C649A5600EFAF8B;
			productRefGroup = BC99CA931C649A5600EFAF8B /* Products */;
			projectDirPath = "";
			projectRoot = "";
			targets = (
				BC99CA911C649A5600EFAF8B /* swiftris */,
				BC99CAA91C649A5700EFAF8B /* swiftrisTests */,
				BC99CAB41C649A5700EFAF8B /* swiftrisUITests */,
			);
		};
/* End PBXProject section */

/* Begin PBXResourcesBuildPhase section */
		BC99CA901C649A5600EFAF8B /* Resources */ = {
			isa = PBXResourcesBuildPhase;
			buildActionMask = 2147483647;
			files = (
				BC99CAF01C64B32700EFAF8B /* whitebg.png in Resources */,
				BC99CAEF1C64B32700EFAF8B /* gameboard@2x.png in Resources */,
				BC99CAA41C649A5700EFAF8B /* LaunchScreen.storyboard in Resources */,
				BC99CAEC1C64B32700EFAF8B /* background.png in Resources */,
				BC99CAEE1C64B32700EFAF8B /* gameboard.png in Resources */,
				BC99CAF31C64B32700EFAF8B /* drop.mp3 in Resources */,
				BC99CAA11C649A5700EFAF8B /* Assets.xcassets in Resources */,
				BC99CAF21C64B32700EFAF8B /* bomb.mp3 in Resources */,
				BC99CAF41C64B32700EFAF8B /* gameover.mp3 in Resources */,
				BC99CAF71C64B32700EFAF8B /* Sprites.atlas in Resources */,
				BC99CAED1C64B32700EFAF8B /* background@2x.png in Resources */,
				BC99CAF11C64B32700EFAF8B /* whitebg@2x.png in Resources */,
				BC99CA9F1C649A5700EFAF8B /* Main.storyboard in Resources */,
				BC99CAF61C64B32700EFAF8B /* theme.mp3 in Resources */,
				BC99CAF51C64B32700EFAF8B /* levelup.mp3 in Resources */,
			);
			runOnlyForDeploymentPostprocessing = 0;
		};
		BC99CAA81C649A5700EFAF8B /* Resources */ = {
			isa = PBXResourcesBuildPhase;
			buildActionMask = 2147483647;
			files = (
			);
			runOnlyForDeploymentPostprocessing = 0;
		};
		BC99CAB31C649A5700EFAF8B /* Resources */ = {
			isa = PBXResourcesBuildPhase;
			buildActionMask = 2147483647;
			files = (
			);
			runOnlyForDeploymentPostprocessing = 0;
		};
/* End PBXResourcesBuildPhase section */

/* Begin PBXSourcesBuildPhase section */
		BC99CA8E1C649A5600EFAF8B /* Sources */ = {
			isa = PBXSourcesBuildPhase;
			buildActionMask = 2147483647;
			files = (
				BC4D2E561C78951C00BB2925 /* LShape.swift in Sources */,
				BC4D2E501C788FAE00BB2925 /* SquareShape.swift in Sources */,
				BC99CA9A1C649A5700EFAF8B /* GameScene.swift in Sources */,
				BC4D2E581C7895A300BB2925 /* JShape.swift in Sources */,
				BCDDD8121C7DC1DE00242D4D /* Swiftris.swift in Sources */,
				BC4D2E4E1C7883E800BB2925 /* Shape.swift in Sources */,
				BC99CAD31C64A80A00EFAF8B /* Array2D.swift in Sources */,
				BC4D2E541C78948C00BB2925 /* LineShape.swift in Sources */,
				BC4D2E5A1C7895ED00BB2925 /* SShape.swift in Sources */,
				BC4D2E521C7892E800BB2925 /* TShape.swift in Sources */,
				BC4D2E4C1C78352300BB2925 /* Block.swift in Sources */,
				BC99CAD11C64A31300EFAF8B /* GameViewController.swift in Sources */,
				BC4D2E5C1C78964C00BB2925 /* ZShape.swift in Sources */,
				BC99CA961C649A5700EFAF8B /* AppDelegate.swift in Sources */,
			);
			runOnlyForDeploymentPostprocessing = 0;
		};
		BC99CAA61C649A5700EFAF8B /* Sources */ = {
			isa = PBXSourcesBuildPhase;
			buildActionMask = 2147483647;
			files = (
				BC99CAAF1C649A5700EFAF8B /* swiftrisTests.swift in Sources */,
			);
			runOnlyForDeploymentPostprocessing = 0;
		};
		BC99CAB11C649A5700EFAF8B /* Sources */ = {
			isa = PBXSourcesBuildPhase;
			buildActionMask = 2147483647;
			files = (
				BC99CABA1C649A5700EFAF8B /* swiftrisUITests.swift in Sources */,
			);
			runOnlyForDeploymentPostprocessing = 0;
		};
/* End PBXSourcesBuildPhase section */

/* Begin PBXTargetDependency section */
		BC99CAAC1C649A5700EFAF8B /* PBXTargetDependency */ = {
			isa = PBXTargetDependency;
			target = BC99CA911C649A5600EFAF8B /* swiftris */;
			targetProxy = BC99CAAB1C649A5700EFAF8B /* PBXContainerItemProxy */;
		};
		BC99CAB71C649A5700EFAF8B /* PBXTargetDependency */ = {
			isa = PBXTargetDependency;
			target = BC99CA911C649A5600EFAF8B /* swiftris */;
			targetProxy = BC99CAB61C649A5700EFAF8B /* PBXContainerItemProxy */;
		};
/* End PBXTargetDependency section */

/* Begin PBXVariantGroup section */
		BC99CA9D1C649A5700EFAF8B /* Main.storyboard */ = {
			isa = PBXVariantGroup;
			children = (
				BC99CA9E1C649A5700EFAF8B /* Base */,
			);
			name = Main.storyboard;
			sourceTree = "<group>";
		};
		BC99CAA21C649A5700EFAF8B /* LaunchScreen.storyboard */ = {
			isa = PBXVariantGroup;
			children = (
				BC99CAA31C649A5700EFAF8B /* Base */,
			);
			name = LaunchScreen.storyboard;
			sourceTree = "<group>";
		};
/* End PBXVariantGroup section */

/* Begin XCBuildConfiguration section */
		BC99CABC1C649A5700EFAF8B /* Debug */ = {
			isa = XCBuildConfiguration;
			buildSettings = {
				ALWAYS_SEARCH_USER_PATHS = NO;
				CLANG_CXX_LANGUAGE_STANDARD = "gnu++0x";
				CLANG_CXX_LIBRARY = "libc++";
				CLANG_ENABLE_MODULES = YES;
				CLANG_ENABLE_OBJC_ARC = YES;
				CLANG_WARN_BOOL_CONVERSION = YES;
				CLANG_WARN_CONSTANT_CONVERSION = YES;
				CLANG_WARN_DIRECT_OBJC_ISA_USAGE = YES_ERROR;
				CLANG_WARN_EMPTY_BODY = YES;
				CLANG_WARN_ENUM_CONVERSION = YES;
				CLANG_WARN_INT_CONVERSION = YES;
				CLANG_WARN_OBJC_ROOT_CLASS = YES_ERROR;
				CLANG_WARN_UNREACHABLE_CODE = YES;
				CLANG_WARN__DUPLICATE_METHOD_MATCH = YES;
				"CODE_SIGN_IDENTITY[sdk=iphoneos*]" = "iPhone Developer";
				COPY_PHASE_STRIP = NO;
				DEBUG_INFORMATION_FORMAT = "dwarf-with-dsym";
				ENABLE_STRICT_OBJC_MSGSEND = YES;
				ENABLE_TESTABILITY = YES;
				GCC_C_LANGUAGE_STANDARD = gnu99;
				GCC_DYNAMIC_NO_PIC = NO;
				GCC_NO_COMMON_BLOCKS = YES;
				GCC_OPTIMIZATION_LEVEL = 0;
				GCC_PREPROCESSOR_DEFINITIONS = (
					"DEBUG=1",
					"$(inherited)",
				);
				GCC_WARN_64_TO_32_BIT_CONVERSION = YES;
				GCC_WARN_ABOUT_RETURN_TYPE = YES_ERROR;
				GCC_WARN_UNDECLARED_SELECTOR = YES;
				GCC_WARN_UNINITIALIZED_AUTOS = YES_AGGRESSIVE;
				GCC_WARN_UNUSED_FUNCTION = YES;
				GCC_WARN_UNUSED_VARIABLE = YES;
				IPHONEOS_DEPLOYMENT_TARGET = 9.2;
				MTL_ENABLE_DEBUG_INFO = YES;
				ONLY_ACTIVE_ARCH = YES;
				SDKROOT = iphoneos;
				SWIFT_OPTIMIZATION_LEVEL = "-Onone";
			};
			name = Debug;
		};
		BC99CABD1C649A5700EFAF8B /* Release */ = {
			isa = XCBuildConfiguration;
			buildSettings = {
				ALWAYS_SEARCH_USER_PATHS = NO;
				CLANG_CXX_LANGUAGE_STANDARD = "gnu++0x";
				CLANG_CXX_LIBRARY = "libc++";
				CLANG_ENABLE_MODULES = YES;
				CLANG_ENABLE_OBJC_ARC = YES;
				CLANG_WARN_BOOL_CONVERSION = YES;
				CLANG_WARN_CONSTANT_CONVERSION = YES;
				CLANG_WARN_DIRECT_OBJC_ISA_USAGE = YES_ERROR;
				CLANG_WARN_EMPTY_BODY = YES;
				CLANG_WARN_ENUM_CONVERSION = YES;
				CLANG_WARN_INT_CONVERSION = YES;
				CLANG_WARN_OBJC_ROOT_CLASS = YES_ERROR;
				CLANG_WARN_UNREACHABLE_CODE = YES;
				CLANG_WARN__DUPLICATE_METHOD_MATCH = YES;
				"CODE_SIGN_IDENTITY[sdk=iphoneos*]" = "iPhone Developer";
				COPY_PHASE_STRIP = NO;
				DEBUG_INFORMATION_FORMAT = "dwarf-with-dsym";
				ENABLE_NS_ASSERTIONS = NO;
				ENABLE_STRICT_OBJC_MSGSEND = YES;
				GCC_C_LANGUAGE_STANDARD = gnu99;
				GCC_NO_COMMON_BLOCKS = YES;
				GCC_WARN_64_TO_32_BIT_CONVERSION = YES;
				GCC_WARN_ABOUT_RETURN_TYPE = YES_ERROR;
				GCC_WARN_UNDECLARED_SELECTOR = YES;
				GCC_WARN_UNINITIALIZED_AUTOS = YES_AGGRESSIVE;
				GCC_WARN_UNUSED_FUNCTION = YES;
				GCC_WARN_UNUSED_VARIABLE = YES;
				IPHONEOS_DEPLOYMENT_TARGET = 9.2;
				MTL_ENABLE_DEBUG_INFO = NO;
				SDKROOT = iphoneos;
				VALIDATE_PRODUCT = YES;
			};
			name = Release;
		};
		BC99CABF1C649A5700EFAF8B /* Debug */ = {
			isa = XCBuildConfiguration;
			buildSettings = {
				ASSETCATALOG_COMPILER_APPICON_NAME = AppIcon;
				INFOPLIST_FILE = swiftris/Info.plist;
				LD_RUNPATH_SEARCH_PATHS = "$(inherited) @executable_path/Frameworks";
				PRODUCT_BUNDLE_IDENTIFIER = com.wow.swiftris;
				PRODUCT_NAME = "$(TARGET_NAME)";
			};
			name = Debug;
		};
		BC99CAC01C649A5700EFAF8B /* Release */ = {
			isa = XCBuildConfiguration;
			buildSettings = {
				ASSETCATALOG_COMPILER_APPICON_NAME = AppIcon;
				INFOPLIST_FILE = swiftris/Info.plist;
				LD_RUNPATH_SEARCH_PATHS = "$(inherited) @executable_path/Frameworks";
				PRODUCT_BUNDLE_IDENTIFIER = com.wow.swiftris;
				PRODUCT_NAME = "$(TARGET_NAME)";
			};
			name = Release;
		};
		BC99CAC21C649A5700EFAF8B /* Debug */ = {
			isa = XCBuildConfiguration;
			buildSettings = {
				BUNDLE_LOADER = "$(TEST_HOST)";
				DEBUG_INFORMATION_FORMAT = dwarf;
				INFOPLIST_FILE = swiftrisTests/Info.plist;
				LD_RUNPATH_SEARCH_PATHS = "$(inherited) @executable_path/Frameworks @loader_path/Frameworks";
				PRODUCT_BUNDLE_IDENTIFIER = com.wow.swiftrisTests;
				PRODUCT_NAME = "$(TARGET_NAME)";
				TEST_HOST = "$(BUILT_PRODUCTS_DIR)/swiftris.app/swiftris";
			};
			name = Debug;
		};
		BC99CAC31C649A5700EFAF8B /* Release */ = {
			isa = XCBuildConfiguration;
			buildSettings = {
				BUNDLE_LOADER = "$(TEST_HOST)";
				INFOPLIST_FILE = swiftrisTests/Info.plist;
				LD_RUNPATH_SEARCH_PATHS = "$(inherited) @executable_path/Frameworks @loader_path/Frameworks";
				PRODUCT_BUNDLE_IDENTIFIER = com.wow.swiftrisTests;
				PRODUCT_NAME = "$(TARGET_NAME)";
				TEST_HOST = "$(BUILT_PRODUCTS_DIR)/swiftris.app/swiftris";
			};
			name = Release;
		};
		BC99CAC51C649A5700EFAF8B /* Debug */ = {
			isa = XCBuildConfiguration;
			buildSettings = {
				DEBUG_INFORMATION_FORMAT = dwarf;
				INFOPLIST_FILE = swiftrisUITests/Info.plist;
				LD_RUNPATH_SEARCH_PATHS = "$(inherited) @executable_path/Frameworks @loader_path/Frameworks";
				PRODUCT_BUNDLE_IDENTIFIER = com.wow.swiftrisUITests;
				PRODUCT_NAME = "$(TARGET_NAME)";
				TEST_TARGET_NAME = swiftris;
				USES_XCTRUNNER = YES;
			};
			name = Debug;
		};
		BC99CAC61C649A5700EFAF8B /* Release */ = {
			isa = XCBuildConfiguration;
			buildSettings = {
				INFOPLIST_FILE = swiftrisUITests/Info.plist;
				LD_RUNPATH_SEARCH_PATHS = "$(inherited) @executable_path/Frameworks @loader_path/Frameworks";
				PRODUCT_BUNDLE_IDENTIFIER = com.wow.swiftrisUITests;
				PRODUCT_NAME = "$(TARGET_NAME)";
				TEST_TARGET_NAME = swiftris;
				USES_XCTRUNNER = YES;
			};
			name = Release;
		};
/* End XCBuildConfiguration section */

/* Begin XCConfigurationList section */
		BC99CA8D1C649A5600EFAF8B /* Build configuration list for PBXProject "swiftris" */ = {
			isa = XCConfigurationList;
			buildConfigurations = (
				BC99CABC1C649A5700EFAF8B /* Debug */,
				BC99CABD1C649A5700EFAF8B /* Release */,
			);
			defaultConfigurationIsVisible = 0;
			defaultConfigurationName = Release;
		};
		BC99CABE1C649A5700EFAF8B /* Build configuration list for PBXNativeTarget "swiftris" */ = {
			isa = XCConfigurationList;
			buildConfigurations = (
				BC99CABF1C649A5700EFAF8B /* Debug */,
				BC99CAC01C649A5700EFAF8B /* Release */,
			);
			defaultConfigurationIsVisible = 0;
			defaultConfigurationName = Release;
		};
		BC99CAC11C649A5700EFAF8B /* Build configuration list for PBXNativeTarget "swiftrisTests" */ = {
			isa = XCConfigurationList;
			buildConfigurations = (
				BC99CAC21C649A5700EFAF8B /* Debug */,
				BC99CAC31C649A5700EFAF8B /* Release */,
			);
			defaultConfigurationIsVisible = 0;
			defaultConfigurationName = Release;
		};
		BC99CAC41C649A5700EFAF8B /* Build configuration list for PBXNativeTarget "swiftrisUITests" */ = {
			isa = XCConfigurationList;
			buildConfigurations = (
				BC99CAC51C649A5700EFAF8B /* Debug */,
				BC99CAC61C649A5700EFAF8B /* Release */,
			);
			defaultConfigurationIsVisible = 0;
			defaultConfigurationName = Release;
		};
/* End XCConfigurationList section */
	};
	rootObject = BC99CA8A1C649A5600EFAF8B /* Project object */;
}
